# This file is generated by running "yarn install" inside your project.
# Manual changes might be lost - proceed with caution!

__metadata:
  version: 8
  cacheKey: 10c0

"@electron/asar@npm:^3.2.1":
  version: 3.2.2
  resolution: "@electron/asar@npm:3.2.2"
  dependencies:
    "@types/glob": "npm:^7.1.1"
    chromium-pickle-js: "npm:^0.2.0"
    commander: "npm:^5.0.0"
    glob: "npm:^7.1.6"
    minimatch: "npm:^3.0.4"
  dependenciesMeta:
    "@types/glob":
      optional: true
  bin:
    asar: bin/asar.js
  checksum: 10c0/04c44c059e1dda6815cf7ab9e141650f4b3aefe1a9b7cb5e062885f4cf588c1b15e4cd0935d31890c941c2bd7c24aa0025cb508464d3192df494fe7203b8ce33
  languageName: node
  linkType: hard

"@types/glob@npm:^7.1.1":
  version: 7.2.0
  resolution: "@types/glob@npm:7.2.0"
  dependencies:
    "@types/minimatch": "npm:*"
    "@types/node": "npm:*"
  checksum: 10c0/a8eb5d5cb5c48fc58c7ca3ff1e1ddf771ee07ca5043da6e4871e6757b4472e2e73b4cfef2644c38983174a4bc728c73f8da02845c28a1212f98cabd293ecae98
  languageName: node
  linkType: hard

"@types/minimatch@npm:*":
  version: 5.1.2
  resolution: "@types/minimatch@npm:5.1.2"
  checksum: 10c0/83cf1c11748891b714e129de0585af4c55dd4c2cafb1f1d5233d79246e5e1e19d1b5ad9e8db449667b3ffa2b6c80125c429dbee1054e9efb45758dbc4e118562
  languageName: node
  linkType: hard

"@types/node@npm:*":
  version: 18.11.9
  resolution: "@types/node@npm:18.11.9"
  checksum: 10c0/aeaa925406f841c41679b32def9391a9892171e977105e025050e9f66e2830b4c50d0d974a1af0077ead3337a1f3bdf49ee7e7f402ebf2e034a3f97d9d240dba
  languageName: node
  linkType: hard

"balanced-match@npm:^1.0.0":
  version: 1.0.2
  resolution: "balanced-match@npm:1.0.2"
  checksum: 10c0/9308baf0a7e4838a82bbfd11e01b1cb0f0cf2893bc1676c27c2a8c0e70cbae1c59120c3268517a8ae7fb6376b4639ef81ca22582611dbee4ed28df945134aaee
  languageName: node
  linkType: hard

"brace-expansion@npm:^1.1.7":
  version: 1.1.11
  resolution: "brace-expansion@npm:1.1.11"
  dependencies:
    balanced-match: "npm:^1.0.0"
    concat-map: "npm:0.0.1"
  checksum: 10c0/695a56cd058096a7cb71fb09d9d6a7070113c7be516699ed361317aca2ec169f618e28b8af352e02ab4233fb54eb0168460a40dc320bab0034b36ab59aaad668
  languageName: node
  linkType: hard

"chromium-pickle-js@npm:^0.2.0":
  version: 0.2.0
  resolution: "chromium-pickle-js@npm:0.2.0"
  checksum: 10c0/0a95bd280acdf05b0e08fa1a0e1db58c815dd24e92d639add8f494d23a8a49c26e4829721224d68f2f0e57a69047714db29bcff6deb5d029332321223416cb29
  languageName: node
  linkType: hard

"commander@npm:^5.0.0":
  version: 5.1.0
  resolution: "commander@npm:5.1.0"
  checksum: 10c0/da9d71dbe4ce039faf1fe9eac3771dca8c11d66963341f62602f7b66e36d2a3f8883407af4f9a37b1db1a55c59c0c1325f186425764c2e963dc1d67aec2a4b6d
  languageName: node
  linkType: hard

"concat-map@npm:0.0.1":
  version: 0.0.1
  resolution: "concat-map@npm:0.0.1"
  checksum: 10c0/c996b1cfdf95b6c90fee4dae37e332c8b6eb7d106430c17d538034c0ad9a1630cb194d2ab37293b1bdd4d779494beee7786d586a50bd9376fd6f7bcc2bd4c98f
  languageName: node
  linkType: hard

"debug@npm:^4.1.1":
  version: 4.3.4
  resolution: "debug@npm:4.3.4"
  dependencies:
    ms: "npm:2.1.2"
  peerDependenciesMeta:
    supports-color:
      optional: true
  checksum: 10c0/cedbec45298dd5c501d01b92b119cd3faebe5438c3917ff11ae1bff86a6c722930ac9c8659792824013168ba6db7c4668225d845c633fbdafbbf902a6389f736
  languageName: node
  linkType: hard

"electron-winstaller@npm:^5.1.0":
  version: 5.1.0
  resolution: "electron-winstaller@npm:5.1.0"
  dependencies:
    "@electron/asar": "npm:^3.2.1"
    debug: "npm:^4.1.1"
    fs-extra: "npm:^7.0.1"
    lodash.template: "npm:^4.2.2"
    temp: "npm:^0.9.0"
  checksum: 10c0/549a882f766de0bf43a7efabae7133dfb41356dde0830bdbc9ed394ac9e42d5173f0f29bed7c5f07717f9f11013c79904b9fad1ba8d3959ca1b960c0f0574e12
  languageName: node
  linkType: hard

"fs-extra@npm:^7.0.1":
  version: 7.0.1
  resolution: "fs-extra@npm:7.0.1"
  dependencies:
    graceful-fs: "npm:^4.1.2"
    jsonfile: "npm:^4.0.0"
    universalify: "npm:^0.1.0"
  checksum: 10c0/1943bb2150007e3739921b8d13d4109abdc3cc481e53b97b7ea7f77eda1c3c642e27ae49eac3af074e3496ea02fde30f411ef410c760c70a38b92e656e5da784
  languageName: node
  linkType: hard

"fs.realpath@npm:^1.0.0":
  version: 1.0.0
  resolution: "fs.realpath@npm:1.0.0"
  checksum: 10c0/444cf1291d997165dfd4c0d58b69f0e4782bfd9149fd72faa4fe299e68e0e93d6db941660b37dd29153bf7186672ececa3b50b7e7249477b03fdf850f287c948
  languageName: node
  linkType: hard

"glob@npm:^7.1.3, glob@npm:^7.1.6":
  version: 7.2.3
  resolution: "glob@npm:7.2.3"
  dependencies:
    fs.realpath: "npm:^1.0.0"
    inflight: "npm:^1.0.4"
    inherits: "npm:2"
    minimatch: "npm:^3.1.1"
    once: "npm:^1.3.0"
    path-is-absolute: "npm:^1.0.0"
  checksum: 10c0/65676153e2b0c9095100fe7f25a778bf45608eeb32c6048cf307f579649bcc30353277b3b898a3792602c65764e5baa4f643714dfbdfd64ea271d210c7a425fe
  languageName: node
  linkType: hard

"graceful-fs@npm:^4.1.2, graceful-fs@npm:^4.1.6":
  version: 4.2.10
  resolution: "graceful-fs@npm:4.2.10"
  checksum: 10c0/4223a833e38e1d0d2aea630c2433cfb94ddc07dfc11d511dbd6be1d16688c5be848acc31f9a5d0d0ddbfb56d2ee5a6ae0278aceeb0ca6a13f27e06b9956fb952
  languageName: node
  linkType: hard

"inflight@npm:^1.0.4":
  version: 1.0.6
  resolution: "inflight@npm:1.0.6"
  dependencies:
    once: "npm:^1.3.0"
    wrappy: "npm:1"
  checksum: 10c0/7faca22584600a9dc5b9fca2cd5feb7135ac8c935449837b315676b4c90aa4f391ec4f42240178244b5a34e8bede1948627fda392ca3191522fc46b34e985ab2
  languageName: node
  linkType: hard

"inherits@npm:2":
  version: 2.0.4
  resolution: "inherits@npm:2.0.4"
  checksum: 10c0/4e531f648b29039fb7426fb94075e6545faa1eb9fe83c29f0b6d9e7263aceb4289d2d4557db0d428188eeb449cc7c5e77b0a0b2c4e248ff2a65933a0dee49ef2
  languageName: node
  linkType: hard

"jsonfile@npm:^4.0.0":
  version: 4.0.0
  resolution: "jsonfile@npm:4.0.0"
  dependencies:
    graceful-fs: "npm:^4.1.6"
  dependenciesMeta:
    graceful-fs:
      optional: true
  checksum: 10c0/7dc94b628d57a66b71fb1b79510d460d662eb975b5f876d723f81549c2e9cd316d58a2ddf742b2b93a4fa6b17b2accaf1a738a0e2ea114bdfb13a32e5377e480
  languageName: node
  linkType: hard

"lodash._reinterpolate@npm:^3.0.0":
  version: 3.0.0
  resolution: "lodash._reinterpolate@npm:3.0.0"
  checksum: 10c0/cdf592374b5e9eb6d6290a9a07c7d90f6e632cca4949da2a26ae9897ab13f138f3294fd5e81de3e5d997717f6e26c06747a9ad3413c043fd36c0d87504d97da6
  languageName: node
  linkType: hard

"lodash.template@npm:^4.2.2":
  version: 4.5.0
  resolution: "lodash.template@npm:4.5.0"
  dependencies:
    lodash._reinterpolate: "npm:^3.0.0"
    lodash.templatesettings: "npm:^4.0.0"
  checksum: 10c0/62a02b397f72542fa9a989d9fc1a94fc1cb94ced8009fa5c37956746c0cf460279e844126c2abfbf7e235fe27e8b7ee8e6efbf6eac247a06aa05b05457fda817
  languageName: node
  linkType: hard

"lodash.templatesettings@npm:^4.0.0":
  version: 4.2.0
  resolution: "lodash.templatesettings@npm:4.2.0"
  dependencies:
    lodash._reinterpolate: "npm:^3.0.0"
  checksum: 10c0/2609fea36ed061114dfed701666540efc978b069b2106cd819b415759ed281419893d40f85825240197f1a38a98e846f2452e2d31c6d5ccee1e006c9de820622
  languageName: node
  linkType: hard

"minimatch@npm:^3.0.4, minimatch@npm:^3.1.1":
  version: 3.1.2
  resolution: "minimatch@npm:3.1.2"
  dependencies:
    brace-expansion: "npm:^1.1.7"
  checksum: 10c0/0262810a8fc2e72cca45d6fd86bd349eee435eb95ac6aa45c9ea2180e7ee875ef44c32b55b5973ceabe95ea12682f6e3725cbb63d7a2d1da3ae1163c8b210311
  languageName: node
  linkType: hard

"minimist@npm:^1.2.6":
  version: 1.2.7
  resolution: "minimist@npm:1.2.7"
  checksum: 10c0/8808da67ca50ee19ab2d69051d77ee78572e67297fd8a1635ecc757a15106ccdfb5b8c4d11d84750120142f1684e5329a141295728c755e5d149eedd73cc6572
  languageName: node
  linkType: hard

"mkdirp@npm:^0.5.1":
  version: 0.5.6
  resolution: "mkdirp@npm:0.5.6"
  dependencies:
    minimist: "npm:^1.2.6"
  bin:
    mkdirp: bin/cmd.js
  checksum: 10c0/e2e2be789218807b58abced04e7b49851d9e46e88a2f9539242cc8a92c9b5c3a0b9bab360bd3014e02a140fc4fbc58e31176c408b493f8a2a6f4986bd7527b01
  languageName: node
  linkType: hard

"ms@npm:2.1.2":
  version: 2.1.2
  resolution: "ms@npm:2.1.2"
  checksum: 10c0/a437714e2f90dbf881b5191d35a6db792efbca5badf112f87b9e1c712aace4b4b9b742dd6537f3edf90fd6f684de897cec230abde57e87883766712ddda297cc
  languageName: node
  linkType: hard

"once@npm:^1.3.0":
  version: 1.4.0
  resolution: "once@npm:1.4.0"
  dependencies:
    wrappy: "npm:1"
  checksum: 10c0/5d48aca287dfefabd756621c5dfce5c91a549a93e9fdb7b8246bc4c4790aa2ec17b34a260530474635147aeb631a2dcc8b32c613df0675f96041cbb8244517d0
  languageName: node
  linkType: hard

"path-is-absolute@npm:^1.0.0":
  version: 1.0.1
  resolution: "path-is-absolute@npm:1.0.1"
  checksum: 10c0/127da03c82172a2a50099cddbf02510c1791fc2cc5f7713ddb613a56838db1e8168b121a920079d052e0936c23005562059756d653b7c544c53185efe53be078
  languageName: node
  linkType: hard

"rimraf@npm:~2.6.2":
  version: 2.6.3
  resolution: "rimraf@npm:2.6.3"
  dependencies:
    glob: "npm:^7.1.3"
  bin:
    rimraf: ./bin.js
  checksum: 10c0/f1e646f8c567795f2916aef7aadf685b543da6b9a53e482bb04b07472c7eef2b476045ba1e29f401c301c66b630b22b815ab31fdd60c5e1ae6566ff523debf45
  languageName: node
  linkType: hard

"temp@npm:^0.9.0":
  version: 0.9.4
  resolution: "temp@npm:0.9.4"
  dependencies:
    mkdirp: "npm:^0.5.1"
    rimraf: "npm:~2.6.2"
  checksum: 10c0/7a1cd75efa65b9ca97fc0dfa752673842d23fa41d9c641a447d86ca986eb7662f0d17771e1edf8d0149e76de3c6e7005faf2ccaa3baf64811c86d1d1a951dda7
  languageName: node
  linkType: hard

"universalify@npm:^0.1.0":
  version: 0.1.2
  resolution: "universalify@npm:0.1.2"
  checksum: 10c0/e70e0339f6b36f34c9816f6bf9662372bd241714dc77508d231d08386d94f2c4aa1ba1318614f92015f40d45aae1b9075cd30bd490efbe39387b60a76ca3f045
  languageName: node
  linkType: hard

"windows-packager@workspace:.":
  version: 0.0.0-use.local
  resolution: "windows-packager@workspace:."
  dependencies:
    electron-winstaller: "npm:^5.1.0"
  languageName: unknown
  linkType: soft

"wrappy@npm:1":
  version: 1.0.2
  resolution: "wrappy@npm:1.0.2"
  checksum: 10c0/56fece1a4018c6a6c8e28fbc88c87e0fbf4ea8fd64fc6c63b18f4acc4bd13e0ad2515189786dd2c30d3eec9663d70f4ecf699330002f8ccb547e4a18231fc9f0
  languageName: node
  linkType: hard
